
Microsoft Visual Studio Solution File, Format Version 12.00
# Visual Studio Version 16
VisualStudioVersion = 16.0.29209.62
MinimumVisualStudioVersion = 10.0.40219.1
Project("{9A19103F-16F7-4668-BE54-9A1E7A4F7556}") = "Alg", "Alg\Alg.csproj", "{2D14DA9C-B159-4A7A-A85A-A5DD1D31271E}"
EndProject
Project("{9A19103F-16F7-4668-BE54-9A1E7A4F7556}") = "Alg.Sorting", "Alg.Sorting\Alg.Sorting.csproj", "{C5613BD1-FB54-4F18-8AF8-82F972FA73F2}"
EndProject
Project("{9A19103F-16F7-4668-BE54-9A1E7A4F7556}") = "Alg.Maths", "Alg.Maths\Alg.Maths.csproj", "{2B3A904F-7CD6-484D-B4EE-35E3A6160E98}"
EndProject
Project("{9A19103F-16F7-4668-BE54-9A1E7A4F7556}") = "Alg.Figures", "Alg.Figures\Alg.Figures.csproj", "{7C83C05A-61F7-4D0E-9013-2E8AF30C61EF}"
EndProject
Project("{FAE04EC0-301F-11D3-BF4B-00C04F79EFBC}") = "UnitTest", "UnitTest\UnitTest.csproj", "{13896646-20CA-4004-9324-AD31B3B55DDC}"
EndProject
Global
	GlobalSection(SolutionConfigurationPlatforms) = preSolution
		Debug|Any CPU = Debug|Any CPU
		Release|Any CPU = Release|Any CPU
	EndGlobalSection
	GlobalSection(ProjectConfigurationPlatforms) = postSolution
		{2D14DA9C-B159-4A7A-A85A-A5DD1D31271E}.Debug|Any CPU.ActiveCfg = Debug|Any CPU
		{2D14DA9C-B159-4A7A-A85A-A5DD1D31271E}.Debug|Any CPU.Build.0 = Debug|Any CPU
		{2D14DA9C-B159-4A7A-A85A-A5DD1D31271E}.Release|Any CPU.ActiveCfg = Release|Any CPU
		{2D14DA9C-B159-4A7A-A85A-A5DD1D31271E}.Release|Any CPU.Build.0 = Release|Any CPU
		{C5613BD1-FB54-4F18-8AF8-82F972FA73F2}.Debug|Any CPU.ActiveCfg = Debug|Any CPU
		{C5613BD1-FB54-4F18-8AF8-82F972FA73F2}.Debug|Any CPU.Build.0 = Debug|Any CPU
		{C5613BD1-FB54-4F18-8AF8-82F972FA73F2}.Release|Any CPU.ActiveCfg = Release|Any CPU
		{C5613BD1-FB54-4F18-8AF8-82F972FA73F2}.Release|Any CPU.Build.0 = Release|Any CPU
		{2B3A904F-7CD6-484D-B4EE-35E3A6160E98}.Debug|Any CPU.ActiveCfg = Debug|Any CPU
		{2B3A904F-7CD6-484D-B4EE-35E3A6160E98}.Debug|Any CPU.Build.0 = Debug|Any CPU
		{2B3A904F-7CD6-484D-B4EE-35E3A6160E98}.Release|Any CPU.ActiveCfg = Release|Any CPU
		{2B3A904F-7CD6-484D-B4EE-35E3A6160E98}.Release|Any CPU.Build.0 = Release|Any CPU
		{7C83C05A-61F7-4D0E-9013-2E8AF30C61EF}.Debug|Any CPU.ActiveCfg = Debug|Any CPU
		{7C83C05A-61F7-4D0E-9013-2E8AF30C61EF}.Debug|Any CPU.Build.0 = Debug|Any CPU
		{7C83C05A-61F7-4D0E-9013-2E8AF30C61EF}.Release|Any CPU.ActiveCfg = Release|Any CPU
		{7C83C05A-61F7-4D0E-9013-2E8AF30C61EF}.Release|Any CPU.Build.0 = Release|Any CPU
		{13896646-20CA-4004-9324-AD31B3B55DDC}.Debug|Any CPU.ActiveCfg = Debug|Any CPU
		{13896646-20CA-4004-9324-AD31B3B55DDC}.Debug|Any CPU.Build.0 = Debug|Any CPU
		{13896646-20CA-4004-9324-AD31B3B55DDC}.Release|Any CPU.ActiveCfg = Release|Any CPU
		{13896646-20CA-4004-9324-AD31B3B55DDC}.Release|Any CPU.Build.0 = Release|Any CPU
	EndGlobalSection
	GlobalSection(SolutionProperties) = preSolution
		HideSolutionNode = FALSE
	EndGlobalSection
	GlobalSection(ExtensibilityGlobals) = postSolution
		SolutionGuid = {EC2A4D7B-CEFE-4A51-A6BA-C02477AEF171}
	EndGlobalSection
EndGlobal
